PODS:
  - LookinServer/Core (1.2.8)
  - LookinServer/Swift (1.2.8):
    - LookinServer/Core
  - ZHHAlertViewController (0.1.6)

DEPENDENCIES:
  - LookinServer/Swift
  - ZHHAlertViewController (from `../`)

SPEC REPOS:
  trunk:
    - LookinServer

EXTERNAL SOURCES:
  ZHHAlertViewController:
    :path: "../"

SPEC CHECKSUMS:
  LookinServer: 1b2b61c6402ae29fa22182d48f5cd067b4e99e80
  ZHHAlertViewController: 94210c8cbdc84912e41990ea68e5d64a2800bd72

PODFILE CHECKSUM: 4fc2d380ff3825afaefd471d67a1577ac7f98d88

COCOAPODS: 1.16.2
